// !$*UTF8*$!
{
	archiveVersion = 1;
	classes = {
	};
	objectVersion = 51;
	objects = {

/* Begin PBXBuildFile section */
		091AD6D5193B8D4E44BF84B7 /* Pods_ParstagramTests.framework in Frameworks */ = {isa = PBXBuildFile; fileRef = A8623293F39D772633925A73 /* Pods_ParstagramTests.framework */; };
		432E26C1C73515FCB1B45BEC /* Pods_Parstagram_ParstagramUITests.framework in Frameworks */ = {isa = PBXBuildFile; fileRef = EA538084588F2924CB7501F7 /* Pods_Parstagram_ParstagramUITests.framework */; };
		E0C5FCCB25EC920A001D6BE3 /* AppDelegate.swift in Sources */ = {isa = PBXBuildFile; fileRef = E0C5FCCA25EC920A001D6BE3 /* AppDelegate.swift */; };
		E0C5FCCD25EC920A001D6BE3 /* SceneDelegate.swift in Sources */ = {isa = PBXBuildFile; fileRef = E0C5FCCC25EC920A001D6BE3 /* SceneDelegate.swift */; };
		E0C5FCD225EC920A001D6BE3 /* Main.storyboard in Resources */ = {isa = PBXBuildFile; fileRef = E0C5FCD025EC920A001D6BE3 /* Main.storyboard */; };
		E0C5FCD425EC920C001D6BE3 /* Assets.xcassets in Resources */ = {isa = PBXBuildFile; fileRef = E0C5FCD325EC920C001D6BE3 /* Assets.xcassets */; };
		E0C5FCD725EC920C001D6BE3 /* LaunchScreen.storyboard in Resources */ = {isa = PBXBuildFile; fileRef = E0C5FCD525EC920C001D6BE3 /* LaunchScreen.storyboard */; };
		E0C5FCE225EC920C001D6BE3 /* ParstagramTests.swift in Sources */ = {isa = PBXBuildFile; fileRef = E0C5FCE125EC920C001D6BE3 /* ParstagramTests.swift */; };
		E0C5FCED25EC920D001D6BE3 /* ParstagramUITests.swift in Sources */ = {isa = PBXBuildFile; fileRef = E0C5FCEC25EC920D001D6BE3 /* ParstagramUITests.swift */; };
		E0C5FD1025EC97D0001D6BE3 /* LoginViewController.swift in Sources */ = {isa = PBXBuildFile; fileRef = E0C5FD0F25EC97D0001D6BE3 /* LoginViewController.swift */; };
		E0C5FD1525EC97DA001D6BE3 /* FeedViewController.swift in Sources */ = {isa = PBXBuildFile; fileRef = E0C5FD1425EC97DA001D6BE3 /* FeedViewController.swift */; };
		E0C5FD1A25ECA0DD001D6BE3 /* CameraViewController.swift in Sources */ = {isa = PBXBuildFile; fileRef = E0C5FD1925ECA0DD001D6BE3 /* CameraViewController.swift */; };
		E0C5FD2A25ECAAAB001D6BE3 /* PostCell.swift in Sources */ = {isa = PBXBuildFile; fileRef = E0C5FD2925ECAAAB001D6BE3 /* PostCell.swift */; };
		FA14A89FCAAD628D44B73853 /* Pods_Parstagram.framework in Frameworks */ = {isa = PBXBuildFile; fileRef = 6DAADF2881B1D955FED2E28F /* Pods_Parstagram.framework */; };
/* End PBXBuildFile section */

/* Begin PBXContainerItemProxy section */
		E0C5FCDE25EC920C001D6BE3 /* PBXContainerItemProxy */ = {
			isa = PBXContainerItemProxy;
			containerPortal = E0C5FCBF25EC920A001D6BE3 /* Project object */;
			proxyType = 1;
			remoteGlobalIDString = E0C5FCC625EC920A001D6BE3;
			remoteInfo = Parstagram;
		};
		E0C5FCE925EC920D001D6BE3 /* PBXContainerItemProxy */ = {
			isa = PBXContainerItemProxy;
			containerPortal = E0C5FCBF25EC920A001D6BE3 /* Project object */;
			proxyType = 1;
			remoteGlobalIDString = E0C5FCC625EC920A001D6BE3;
			remoteInfo = Parstagram;
		};
/* End PBXContainerItemProxy section */

/* Begin PBXFileReference section */
		1AC68A0EDE41D8A239432DAB /* Pods-Parstagram.release.xcconfig */ = {isa = PBXFileReference; includeInIndex = 1; lastKnownFileType = text.xcconfig; name = "Pods-Parstagram.release.xcconfig"; path = "Target Support Files/Pods-Parstagram/Pods-Parstagram.release.xcconfig"; sourceTree = "<group>"; };
		29C465D7D9BD760FBB063058 /* Pods-Parstagram-ParstagramUITests.release.xcconfig */ = {isa = PBXFileReference; includeInIndex = 1; lastKnownFileType = text.xcconfig; name = "Pods-Parstagram-ParstagramUITests.release.xcconfig"; path = "Target Support Files/Pods-Parstagram-ParstagramUITests/Pods-Parstagram-ParstagramUITests.release.xcconfig"; sourceTree = "<group>"; };
		68076545C8F81E32FAE9C9D1 /* Pods-ParstagramTests.release.xcconfig */ = {isa = PBXFileReference; includeInIndex = 1; lastKnownFileType = text.xcconfig; name = "Pods-ParstagramTests.release.xcconfig"; path = "Target Support Files/Pods-ParstagramTests/Pods-ParstagramTests.release.xcconfig"; sourceTree = "<group>"; };
		6DAADF2881B1D955FED2E28F /* Pods_Parstagram.framework */ = {isa = PBXFileReference; explicitFileType = wrapper.framework; includeInIndex = 0; path = Pods_Parstagram.framework; sourceTree = BUILT_PRODUCTS_DIR; };
		6E644E27BB7A6960D0FF8571 /* Pods-ParstagramTests.debug.xcconfig */ = {isa = PBXFileReference; includeInIndex = 1; lastKnownFileType = text.xcconfig; name = "Pods-ParstagramTests.debug.xcconfig"; path = "Target Support Files/Pods-ParstagramTests/Pods-ParstagramTests.debug.xcconfig"; sourceTree = "<group>"; };
		9765EC255D16EE0B367A630F /* Pods-Parstagram.debug.xcconfig */ = {isa = PBXFileReference; includeInIndex = 1; lastKnownFileType = text.xcconfig; name = "Pods-Parstagram.debug.xcconfig"; path = "Target Support Files/Pods-Parstagram/Pods-Parstagram.debug.xcconfig"; sourceTree = "<group>"; };
		A8623293F39D772633925A73 /* Pods_ParstagramTests.framework */ = {isa = PBXFileReference; explicitFileType = wrapper.framework; includeInIndex = 0; path = Pods_ParstagramTests.framework; sourceTree = BUILT_PRODUCTS_DIR; };
		D8A50C22B959C16026E9D366 /* Pods-Parstagram-ParstagramUITests.debug.xcconfig */ = {isa = PBXFileReference; includeInIndex = 1; lastKnownFileType = text.xcconfig; name = "Pods-Parstagram-ParstagramUITests.debug.xcconfig"; path = "Target Support Files/Pods-Parstagram-ParstagramUITests/Pods-Parstagram-ParstagramUITests.debug.xcconfig"; sourceTree = "<group>"; };
		E0C5FCC725EC920A001D6BE3 /* Parstagram.app */ = {isa = PBXFileReference; explicitFileType = wrapper.application; includeInIndex = 0; path = Parstagram.app; sourceTree = BUILT_PRODUCTS_DIR; };
		E0C5FCCA25EC920A001D6BE3 /* AppDelegate.swift */ = {isa = PBXFileReference; lastKnownFileType = sourcecode.swift; path = AppDelegate.swift; sourceTree = "<group>"; };
		E0C5FCCC25EC920A001D6BE3 /* SceneDelegate.swift */ = {isa = PBXFileReference; lastKnownFileType = sourcecode.swift; path = SceneDelegate.swift; sourceTree = "<group>"; };
		E0C5FCD125EC920A001D6BE3 /* Base */ = {isa = PBXFileReference; lastKnownFileType = file.storyboard; name = Base; path = Base.lproj/Main.storyboard; sourceTree = "<group>"; };
		E0C5FCD325EC920C001D6BE3 /* Assets.xcassets */ = {isa = PBXFileReference; lastKnownFileType = folder.assetcatalog; path = Assets.xcassets; sourceTree = "<group>"; };
		E0C5FCD625EC920C001D6BE3 /* Base */ = {isa = PBXFileReference; lastKnownFileType = file.storyboard; name = Base; path = Base.lproj/LaunchScreen.storyboard; sourceTree = "<group>"; };
		E0C5FCD825EC920C001D6BE3 /* Info.plist */ = {isa = PBXFileReference; lastKnownFileType = text.plist.xml; path = Info.plist; sourceTree = "<group>"; };
		E0C5FCDD25EC920C001D6BE3 /* ParstagramTests.xctest */ = {isa = PBXFileReference; explicitFileType = wrapper.cfbundle; includeInIndex = 0; path = ParstagramTests.xctest; sourceTree = BUILT_PRODUCTS_DIR; };
		E0C5FCE125EC920C001D6BE3 /* ParstagramTests.swift */ = {isa = PBXFileReference; lastKnownFileType = sourcecode.swift; path = ParstagramTests.swift; sourceTree = "<group>"; };
		E0C5FCE325EC920C001D6BE3 /* Info.plist */ = {isa = PBXFileReference; lastKnownFileType = text.plist.xml; path = Info.plist; sourceTree = "<group>"; };
		E0C5FCE825EC920C001D6BE3 /* ParstagramUITests.xctest */ = {isa = PBXFileReference; explicitFileType = wrapper.cfbundle; includeInIndex = 0; path = ParstagramUITests.xctest; sourceTree = BUILT_PRODUCTS_DIR; };
		E0C5FCEC25EC920D001D6BE3 /* ParstagramUITests.swift */ = {isa = PBXFileReference; lastKnownFileType = sourcecode.swift; path = ParstagramUITests.swift; sourceTree = "<group>"; };
		E0C5FCEE25EC920D001D6BE3 /* Info.plist */ = {isa = PBXFileReference; lastKnownFileType = text.plist.xml; path = Info.plist; sourceTree = "<group>"; };
		E0C5FD0F25EC97D0001D6BE3 /* LoginViewController.swift */ = {isa = PBXFileReference; lastKnownFileType = sourcecode.swift; path = LoginViewController.swift; sourceTree = "<group>"; };
		E0C5FD1425EC97DA001D6BE3 /* FeedViewController.swift */ = {isa = PBXFileReference; lastKnownFileType = sourcecode.swift; path = FeedViewController.swift; sourceTree = "<group>"; };
		E0C5FD1925ECA0DD001D6BE3 /* CameraViewController.swift */ = {isa = PBXFileReference; lastKnownFileType = sourcecode.swift; path = CameraViewController.swift; sourceTree = "<group>"; };
		E0C5FD2925ECAAAB001D6BE3 /* PostCell.swift */ = {isa = PBXFileReference; lastKnownFileType = sourcecode.swift; path = PostCell.swift; sourceTree = "<group>"; };
		EA538084588F2924CB7501F7 /* Pods_Parstagram_ParstagramUITests.framework */ = {isa = PBXFileReference; explicitFileType = wrapper.framework; includeInIndex = 0; path = Pods_Parstagram_ParstagramUITests.framework; sourceTree = BUILT_PRODUCTS_DIR; };
/* End PBXFileReference section */

/* Begin PBXFrameworksBuildPhase section */
		E0C5FCC425EC920A001D6BE3 /* Frameworks */ = {
			isa = PBXFrameworksBuildPhase;
			buildActionMask = 2147483647;
			files = (
				FA14A89FCAAD628D44B73853 /* Pods_Parstagram.framework in Frameworks */,
			);
			runOnlyForDeploymentPostprocessing = 0;
		};
		E0C5FCDA25EC920C001D6BE3 /* Frameworks */ = {
			isa = PBXFrameworksBuildPhase;
			buildActionMask = 2147483647;
			files = (
				091AD6D5193B8D4E44BF84B7 /* Pods_ParstagramTests.framework in Frameworks */,
			);
			runOnlyForDeploymentPostprocessing = 0;
		};
		E0C5FCE525EC920C001D6BE3 /* Frameworks */ = {
			isa = PBXFrameworksBuildPhase;
			buildActionMask = 2147483647;
			files = (
				432E26C1C73515FCB1B45BEC /* Pods_Parstagram_ParstagramUITests.framework in Frameworks */,
			);
			runOnlyForDeploymentPostprocessing = 0;
		};
/* End PBXFrameworksBuildPhase section */

/* Begin PBXGroup section */
		27B9A584EF22A9DBE1BAFD57 /* Pods */ = {
			isa = PBXGroup;
			children = (
				9765EC255D16EE0B367A630F /* Pods-Parstagram.debug.xcconfig */,
				1AC68A0EDE41D8A239432DAB /* Pods-Parstagram.release.xcconfig */,
				D8A50C22B959C16026E9D366 /* Pods-Parstagram-ParstagramUITests.debug.xcconfig */,
				29C465D7D9BD760FBB063058 /* Pods-Parstagram-ParstagramUITests.release.xcconfig */,
				6E644E27BB7A6960D0FF8571 /* Pods-ParstagramTests.debug.xcconfig */,
				68076545C8F81E32FAE9C9D1 /* Pods-ParstagramTests.release.xcconfig */,
			);
			path = Pods;
			sourceTree = "<group>";
		};
		E0C5FCBE25EC920A001D6BE3 = {
			isa = PBXGroup;
			children = (
				E0C5FCC925EC920A001D6BE3 /* Parstagram */,
				E0C5FCE025EC920C001D6BE3 /* ParstagramTests */,
				E0C5FCEB25EC920D001D6BE3 /* ParstagramUITests */,
				E0C5FCC825EC920A001D6BE3 /* Products */,
				27B9A584EF22A9DBE1BAFD57 /* Pods */,
				E19FA0FF1E6DFFBEC63B2EBE /* Frameworks */,
			);
			sourceTree = "<group>";
		};
		E0C5FCC825EC920A001D6BE3 /* Products */ = {
			isa = PBXGroup;
			children = (
				E0C5FCC725EC920A001D6BE3 /* Parstagram.app */,
				E0C5FCDD25EC920C001D6BE3 /* ParstagramTests.xctest */,
				E0C5FCE825EC920C001D6BE3 /* ParstagramUITests.xctest */,
			);
			name = Products;
			sourceTree = "<group>";
		};
		E0C5FCC925EC920A001D6BE3 /* Parstagram */ = {
			isa = PBXGroup;
			children = (
				E0C5FCCA25EC920A001D6BE3 /* AppDelegate.swift */,
				E0C5FCCC25EC920A001D6BE3 /* SceneDelegate.swift */,
				E0C5FCD025EC920A001D6BE3 /* Main.storyboard */,
				E0C5FCD325EC920C001D6BE3 /* Assets.xcassets */,
				E0C5FCD525EC920C001D6BE3 /* LaunchScreen.storyboard */,
				E0C5FCD825EC920C001D6BE3 /* Info.plist */,
				E0C5FD0F25EC97D0001D6BE3 /* LoginViewController.swift */,
				E0C5FD1425EC97DA001D6BE3 /* FeedViewController.swift */,
				E0C5FD1925ECA0DD001D6BE3 /* CameraViewController.swift */,
				E0C5FD2925ECAAAB001D6BE3 /* PostCell.swift */,
			);
			path = Parstagram;
			sourceTree = "<group>";
		};
		E0C5FCE025EC920C001D6BE3 /* ParstagramTests */ = {
			isa = PBXGroup;
			children = (
				E0C5FCE125EC920C001D6BE3 /* ParstagramTests.swift */,
				E0C5FCE325EC920C001D6BE3 /* Info.plist */,
			);
			path = ParstagramTests;
			sourceTree = "<group>";
		};
		E0C5FCEB25EC920D001D6BE3 /* ParstagramUITests */ = {
			isa = PBXGroup;
			children = (
				E0C5FCEC25EC920D001D6BE3 /* ParstagramUITests.swift */,
				E0C5FCEE25EC920D001D6BE3 /* Info.plist */,
			);
			path = ParstagramUITests;
			sourceTree = "<group>";
		};
		E19FA0FF1E6DFFBEC63B2EBE /* Frameworks */ = {
			isa = PBXGroup;
			children = (
				6DAADF2881B1D955FED2E28F /* Pods_Parstagram.framework */,
				EA538084588F2924CB7501F7 /* Pods_Parstagram_ParstagramUITests.framework */,
				A8623293F39D772633925A73 /* Pods_ParstagramTests.framework */,
			);
			name = Frameworks;
			sourceTree = "<group>";
		};
/* End PBXGroup section */

/* Begin PBXNativeTarget section */
		E0C5FCC625EC920A001D6BE3 /* Parstagram */ = {
			isa = PBXNativeTarget;
			buildConfigurationList = E0C5FCF125EC920D001D6BE3 /* Build configuration list for PBXNativeTarget "Parstagram" */;
			buildPhases = (
				92E54845A014C123D73CD03E /* [CP] Check Pods Manifest.lock */,
				E0C5FCC325EC920A001D6BE3 /* Sources */,
				E0C5FCC425EC920A001D6BE3 /* Frameworks */,
				E0C5FCC525EC920A001D6BE3 /* Resources */,
				709D7652DEA35FB50CD6391F /* [CP] Embed Pods Frameworks */,
			);
			buildRules = (
			);
			dependencies = (
			);
			name = Parstagram;
			productName = Parstagram;
			productReference = E0C5FCC725EC920A001D6BE3 /* Parstagram.app */;
			productType = "com.apple.product-type.application";
		};
		E0C5FCDC25EC920C001D6BE3 /* ParstagramTests */ = {
			isa = PBXNativeTarget;
			buildConfigurationList = E0C5FCF425EC920D001D6BE3 /* Build configuration list for PBXNativeTarget "ParstagramTests" */;
			buildPhases = (
				6A94B4419EB2E2EA3EACDD88 /* [CP] Check Pods Manifest.lock */,
				E0C5FCD925EC920C001D6BE3 /* Sources */,
				E0C5FCDA25EC920C001D6BE3 /* Frameworks */,
				E0C5FCDB25EC920C001D6BE3 /* Resources */,
			);
			buildRules = (
			);
			dependencies = (
				E0C5FCDF25EC920C001D6BE3 /* PBXTargetDependency */,
			);
			name = ParstagramTests;
			productName = ParstagramTests;
			productReference = E0C5FCDD25EC920C001D6BE3 /* ParstagramTests.xctest */;
			productType = "com.apple.product-type.bundle.unit-test";
		};
		E0C5FCE725EC920C001D6BE3 /* ParstagramUITests */ = {
			isa = PBXNativeTarget;
			buildConfigurationList = E0C5FCF725EC920D001D6BE3 /* Build configuration list for PBXNativeTarget "ParstagramUITests" */;
			buildPhases = (
				7D5D15FE504A33683E371CEC /* [CP] Check Pods Manifest.lock */,
				E0C5FCE425EC920C001D6BE3 /* Sources */,
				E0C5FCE525EC920C001D6BE3 /* Frameworks */,
				E0C5FCE625EC920C001D6BE3 /* Resources */,
				587ED4052E29F62BDFA73E14 /* [CP] Embed Pods Frameworks */,
			);
			buildRules = (
			);
			dependencies = (
				E0C5FCEA25EC920D001D6BE3 /* PBXTargetDependency */,
			);
			name = ParstagramUITests;
			productName = ParstagramUITests;
			productReference = E0C5FCE825EC920C001D6BE3 /* ParstagramUITests.xctest */;
			productType = "com.apple.product-type.bundle.ui-testing";
		};
/* End PBXNativeTarget section */

/* Begin PBXProject section */
		E0C5FCBF25EC920A001D6BE3 /* Project object */ = {
			isa = PBXProject;
			attributes = {
				LastSwiftUpdateCheck = 1210;
				LastUpgradeCheck = 1210;
				TargetAttributes = {
					E0C5FCC625EC920A001D6BE3 = {
						CreatedOnToolsVersion = 12.1;
					};
					E0C5FCDC25EC920C001D6BE3 = {
						CreatedOnToolsVersion = 12.1;
						TestTargetID = E0C5FCC625EC920A001D6BE3;
					};
					E0C5FCE725EC920C001D6BE3 = {
						CreatedOnToolsVersion = 12.1;
						TestTargetID = E0C5FCC625EC920A001D6BE3;
					};
				};
			};
			buildConfigurationList = E0C5FCC225EC920A001D6BE3 /* Build configuration list for PBXProject "Parstagram" */;
			compatibilityVersion = "Xcode 9.3";
			developmentRegion = en;
			hasScannedForEncodings = 0;
			knownRegions = (
				en,
				Base,
			);
			mainGroup = E0C5FCBE25EC920A001D6BE3;
			productRefGroup = E0C5FCC825EC920A001D6BE3 /* Products */;
			projectDirPath = "";
			projectRoot = "";
			targets = (
				E0C5FCC625EC920A001D6BE3 /* Parstagram */,
				E0C5FCDC25EC920C001D6BE3 /* ParstagramTests */,
				E0C5FCE725EC920C001D6BE3 /* ParstagramUITests */,
			);
		};
/* End PBXProject section */

/* Begin PBXResourcesBuildPhase section */
		E0C5FCC525EC920A001D6BE3 /* Resources */ = {
			isa = PBXResourcesBuildPhase;
			buildActionMask = 2147483647;
			files = (
				E0C5FCD725EC920C001D6BE3 /* LaunchScreen.storyboard in Resources */,
				E0C5FCD425EC920C001D6BE3 /* Assets.xcassets in Resources */,
				E0C5FCD225EC920A001D6BE3 /* Main.storyboard in Resources */,
			);
			runOnlyForDeploymentPostprocessing = 0;
		};
		E0C5FCDB25EC920C001D6BE3 /* Resources */ = {
			isa = PBXResourcesBuildPhase;
			buildActionMask = 2147483647;
			files = (
			);
			runOnlyForDeploymentPostprocessing = 0;
		};
		E0C5FCE625EC920C001D6BE3 /* Resources */ = {
			isa = PBXResourcesBuildPhase;
			buildActionMask = 2147483647;
			files = (
			);
			runOnlyForDeploymentPostprocessing = 0;
		};
/* End PBXResourcesBuildPhase section */

/* Begin PBXShellScriptBuildPhase section */
		587ED4052E29F62BDFA73E14 /* [CP] Embed Pods Frameworks */ = {
			isa = PBXShellScriptBuildPhase;
			buildActionMask = 2147483647;
			files = (
			);
			inputFileListPaths = (
				"${PODS_ROOT}/Target Support Files/Pods-Parstagram-ParstagramUITests/Pods-Parstagram-ParstagramUITests-frameworks-${CONFIGURATION}-input-files.xcfilelist",
			);
			name = "[CP] Embed Pods Frameworks";
			outputFileListPaths = (
				"${PODS_ROOT}/Target Support Files/Pods-Parstagram-ParstagramUITests/Pods-Parstagram-ParstagramUITests-frameworks-${CONFIGURATION}-output-files.xcfilelist",
			);
			runOnlyForDeploymentPostprocessing = 0;
			shellPath = /bin/sh;
			shellScript = "\"${PODS_ROOT}/Target Support Files/Pods-Parstagram-ParstagramUITests/Pods-Parstagram-ParstagramUITests-frameworks.sh\"\n";
			showEnvVarsInLog = 0;
		};
		6A94B4419EB2E2EA3EACDD88 /* [CP] Check Pods Manifest.lock */ = {
			isa = PBXShellScriptBuildPhase;
			buildActionMask = 2147483647;
			files = (
			);
			inputFileListPaths = (
			);
			inputPaths = (
				"${PODS_PODFILE_DIR_PATH}/Podfile.lock",
				"${PODS_ROOT}/Manifest.lock",
			);
			name = "[CP] Check Pods Manifest.lock";
			outputFileListPaths = (
			);
			outputPaths = (
				"$(DERIVED_FILE_DIR)/Pods-ParstagramTests-checkManifestLockResult.txt",
			);
			runOnlyForDeploymentPostprocessing = 0;
			shellPath = /bin/sh;
			shellScript = "diff \"${PODS_PODFILE_DIR_PATH}/Podfile.lock\" \"${PODS_ROOT}/Manifest.lock\" > /dev/null\nif [ $? != 0 ] ; then\n    # print error to STDERR\n    echo \"error: The sandbox is not in sync with the Podfile.lock. Run 'pod install' or update your CocoaPods installation.\" >&2\n    exit 1\nfi\n# This output is used by Xcode 'outputs' to avoid re-running this script phase.\necho \"SUCCESS\" > \"${SCRIPT_OUTPUT_FILE_0}\"\n";
			showEnvVarsInLog = 0;
		};
		709D7652DEA35FB50CD6391F /* [CP] Embed Pods Frameworks */ = {
			isa = PBXShellScriptBuildPhase;
			buildActionMask = 2147483647;
			files = (
			);
			inputFileListPaths = (
				"${PODS_ROOT}/Target Support Files/Pods-Parstagram/Pods-Parstagram-frameworks-${CONFIGURATION}-input-files.xcfilelist",
			);
			name = "[CP] Embed Pods Frameworks";
			outputFileListPaths = (
				"${PODS_ROOT}/Target Support Files/Pods-Parstagram/Pods-Parstagram-frameworks-${CONFIGURATION}-output-files.xcfilelist",
			);
			runOnlyForDeploymentPostprocessing = 0;
			shellPath = /bin/sh;
			shellScript = "\"${PODS_ROOT}/Target Support Files/Pods-Parstagram/Pods-Parstagram-frameworks.sh\"\n";
			showEnvVarsInLog = 0;
		};
		7D5D15FE504A33683E371CEC /* [CP] Check Pods Manifest.lock */ = {
			isa = PBXShellScriptBuildPhase;
			buildActionMask = 2147483647;
			files = (
			);
			inputFileListPaths = (
			);
			inputPaths = (
				"${PODS_PODFILE_DIR_PATH}/Podfile.lock",
				"${PODS_ROOT}/Manifest.lock",
			);
			name = "[CP] Check Pods Manifest.lock";
			outputFileListPaths = (
			);
			outputPaths = (
				"$(DERIVED_FILE_DIR)/Pods-Parstagram-ParstagramUITests-checkManifestLockResult.txt",
			);
			runOnlyForDeploymentPostprocessing = 0;
			shellPath = /bin/sh;
			shellScript = "diff \"${PODS_PODFILE_DIR_PATH}/Podfile.lock\" \"${PODS_ROOT}/Manifest.lock\" > /dev/null\nif [ $? != 0 ] ; then\n    # print error to STDERR\n    echo \"error: The sandbox is not in sync with the Podfile.lock. Run 'pod install' or update your CocoaPods installation.\" >&2\n    exit 1\nfi\n# This output is used by Xcode 'outputs' to avoid re-running this script phase.\necho \"SUCCESS\" > \"${SCRIPT_OUTPUT_FILE_0}\"\n";
			showEnvVarsInLog = 0;
		};
		92E54845A014C123D73CD03E /* [CP] Check Pods Manifest.lock */ = {
			isa = PBXShellScriptBuildPhase;
			buildActionMask = 2147483647;
			files = (
			);
			inputFileListPaths = (
			);
			inputPaths = (
				"${PODS_PODFILE_DIR_PATH}/Podfile.lock",
				"${PODS_ROOT}/Manifest.lock",
			);
			name = "[CP] Check Pods Manifest.lock";
			outputFileListPaths = (
			);
			outputPaths = (
				"$(DERIVED_FILE_DIR)/Pods-Parstagram-checkManifestLockResult.txt",
			);
			runOnlyForDeploymentPostprocessing = 0;
			shellPath = /bin/sh;
			shellScript = "diff \"${PODS_PODFILE_DIR_PATH}/Podfile.lock\" \"${PODS_ROOT}/Manifest.lock\" > /dev/null\nif [ $? != 0 ] ; then\n    # print error to STDERR\n    echo \"error: The sandbox is not in sync with the Podfile.lock. Run 'pod install' or update your CocoaPods installation.\" >&2\n    exit 1\nfi\n# This output is used by Xcode 'outputs' to avoid re-running this script phase.\necho \"SUCCESS\" > \"${SCRIPT_OUTPUT_FILE_0}\"\n";
			showEnvVarsInLog = 0;
		};
/* End PBXShellScriptBuildPhase section */

/* Begin PBXSourcesBuildPhase section */
		E0C5FCC325EC920A001D6BE3 /* Sources */ = {
			isa = PBXSourcesBuildPhase;
			buildActionMask = 2147483647;
			files = (
				E0C5FD1025EC97D0001D6BE3 /* LoginViewController.swift in Sources */,
				E0C5FD1A25ECA0DD001D6BE3 /* CameraViewController.swift in Sources */,
				E0C5FCCB25EC920A001D6BE3 /* AppDelegate.swift in Sources */,
				E0C5FD1525EC97DA001D6BE3 /* FeedViewController.swift in Sources */,
				E0C5FCCD25EC920A001D6BE3 /* SceneDelegate.swift in Sources */,
				E0C5FD2A25ECAAAB001D6BE3 /* PostCell.swift in Sources */,
			);
			runOnlyForDeploymentPostprocessing = 0;
		};
		E0C5FCD925EC920C001D6BE3 /* Sources */ = {
			isa = PBXSourcesBuildPhase;
			buildActionMask = 2147483647;
			files = (
				E0C5FCE225EC920C001D6BE3 /* ParstagramTests.swift in Sources */,
			);
			runOnlyForDeploymentPostprocessing = 0;
		};
		E0C5FCE425EC920C001D6BE3 /* Sources */ = {
			isa = PBXSourcesBuildPhase;
			buildActionMask = 2147483647;
			files = (
				E0C5FCED25EC920D001D6BE3 /* ParstagramUITests.swift in Sources */,
			);
			runOnlyForDeploymentPostprocessing = 0;
		};
/* End PBXSourcesBuildPhase section */

/* Begin PBXTargetDependency section */
		E0C5FCDF25EC920C001D6BE3 /* PBXTargetDependency */ = {
			isa = PBXTargetDependency;
			target = E0C5FCC625EC920A001D6BE3 /* Parstagram */;
			targetProxy = E0C5FCDE25EC920C001D6BE3 /* PBXContainerItemProxy */;
		};
		E0C5FCEA25EC920D001D6BE3 /* PBXTargetDependency */ = {
			isa = PBXTargetDependency;
			target = E0C5FCC625EC920A001D6BE3 /* Parstagram */;
			targetProxy = E0C5FCE925EC920D001D6BE3 /* PBXContainerItemProxy */;
		};
/* End PBXTargetDependency section */

/* Begin PBXVariantGroup section */
		E0C5FCD025EC920A001D6BE3 /* Main.storyboard */ = {
			isa = PBXVariantGroup;
			children = (
				E0C5FCD125EC920A001D6BE3 /* Base */,
			);
			name = Main.storyboard;
			sourceTree = "<group>";
		};
		E0C5FCD525EC920C001D6BE3 /* LaunchScreen.storyboard */ = {
			isa = PBXVariantGroup;
			children = (
				E0C5FCD625EC920C001D6BE3 /* Base */,
			);
			name = LaunchScreen.storyboard;
			sourceTree = "<group>";
		};
/* End PBXVariantGroup section */

/* Begin XCBuildConfiguration section */
		E0C5FCEF25EC920D001D6BE3 /* Debug */ = {
			isa = XCBuildConfiguration;
			buildSettings = {
				ALWAYS_SEARCH_USER_PATHS = NO;
				CLANG_ANALYZER_NONNULL = YES;
				CLANG_ANALYZER_NUMBER_OBJECT_CONVERSION = YES_AGGRESSIVE;
				CLANG_CXX_LANGUAGE_STANDARD = "gnu++14";
				CLANG_CXX_LIBRARY = "libc++";
				CLANG_ENABLE_MODULES = YES;
				CLANG_ENABLE_OBJC_ARC = YES;
				CLANG_ENABLE_OBJC_WEAK = YES;
				CLANG_WARN_BLOCK_CAPTURE_AUTORELEASING = YES;
				CLANG_WARN_BOOL_CONVERSION = YES;
				CLANG_WARN_COMMA = YES;
				CLANG_WARN_CONSTANT_CONVERSION = YES;
				CLANG_WARN_DEPRECATED_OBJC_IMPLEMENTATIONS = YES;
				CLANG_WARN_DIRECT_OBJC_ISA_USAGE = YES_ERROR;
				CLANG_WARN_DOCUMENTATION_COMMENTS = YES;
				CLANG_WARN_EMPTY_BODY = YES;
				CLANG_WARN_ENUM_CONVERSION = YES;
				CLANG_WARN_INFINITE_RECURSION = YES;
				CLANG_WARN_INT_CONVERSION = YES;
				CLANG_WARN_NON_LITERAL_NULL_CONVERSION = YES;
				CLANG_WARN_OBJC_IMPLICIT_RETAIN_SELF = YES;
				CLANG_WARN_OBJC_LITERAL_CONVERSION = YES;
				CLANG_WARN_OBJC_ROOT_CLASS = YES_ERROR;
				CLANG_WARN_QUOTED_INCLUDE_IN_FRAMEWORK_HEADER = YES;
				CLANG_WARN_RANGE_LOOP_ANALYSIS = YES;
				CLANG_WARN_STRICT_PROTOTYPES = YES;
				CLANG_WARN_SUSPICIOUS_MOVE = YES;
				CLANG_WARN_UNGUARDED_AVAILABILITY = YES_AGGRESSIVE;
				CLANG_WARN_UNREACHABLE_CODE = YES;
				CLANG_WARN__DUPLICATE_METHOD_MATCH = YES;
				COPY_PHASE_STRIP = NO;
				DEBUG_INFORMATION_FORMAT = dwarf;
				ENABLE_STRICT_OBJC_MSGSEND = YES;
				ENABLE_TESTABILITY = YES;
				GCC_C_LANGUAGE_STANDARD = gnu11;
				GCC_DYNAMIC_NO_PIC = NO;
				GCC_NO_COMMON_BLOCKS = YES;
				GCC_OPTIMIZATION_LEVEL = 0;
				GCC_PREPROCESSOR_DEFINITIONS = (
					"DEBUG=1",
					"$(inherited)",
				);
				GCC_WARN_64_TO_32_BIT_CONVERSION = YES;
				GCC_WARN_ABOUT_RETURN_TYPE = YES_ERROR;
				GCC_WARN_UNDECLARED_SELECTOR = YES;
				GCC_WARN_UNINITIALIZED_AUTOS = YES_AGGRESSIVE;
				GCC_WARN_UNUSED_FUNCTION = YES;
				GCC_WARN_UNUSED_VARIABLE = YES;
				IPHONEOS_DEPLOYMENT_TARGET = 14.1;
				MTL_ENABLE_DEBUG_INFO = INCLUDE_SOURCE;
				MTL_FAST_MATH = YES;
				ONLY_ACTIVE_ARCH = YES;
				SDKROOT = iphoneos;
				SWIFT_ACTIVE_COMPILATION_CONDITIONS = DEBUG;
				SWIFT_OPTIMIZATION_LEVEL = "-Onone";
			};
			name = Debug;
		};
		E0C5FCF025EC920D001D6BE3 /* Release */ = {
			isa = XCBuildConfiguration;
			buildSettings = {
				ALWAYS_SEARCH_USER_PATHS = NO;
				CLANG_ANALYZER_NONNULL = YES;
				CLANG_ANALYZER_NUMBER_OBJECT_CONVERSION = YES_AGGRESSIVE;
				CLANG_CXX_LANGUAGE_STANDARD = "gnu++14";
				CLANG_CXX_LIBRARY = "libc++";
				CLANG_ENABLE_MODULES = YES;
				CLANG_ENABLE_OBJC_ARC = YES;
				CLANG_ENABLE_OBJC_WEAK = YES;
				CLANG_WARN_BLOCK_CAPTURE_AUTORELEASING = YES;
				CLANG_WARN_BOOL_CONVERSION = YES;
				CLANG_WARN_COMMA = YES;
				CLANG_WARN_CONSTANT_CONVERSION = YES;
				CLANG_WARN_DEPRECATED_OBJC_IMPLEMENTATIONS = YES;
				CLANG_WARN_DIRECT_OBJC_ISA_USAGE = YES_ERROR;
				CLANG_WARN_DOCUMENTATION_COMMENTS = YES;
				CLANG_WARN_EMPTY_BODY = YES;
				CLANG_WARN_ENUM_CONVERSION = YES;
				CLANG_WARN_INFINITE_RECURSION = YES;
				CLANG_WARN_INT_CONVERSION = YES;
				CLANG_WARN_NON_LITERAL_NULL_CONVERSION = YES;
				CLANG_WARN_OBJC_IMPLICIT_RETAIN_SELF = YES;
				CLANG_WARN_OBJC_LITERAL_CONVERSION = YES;
				CLANG_WARN_OBJC_ROOT_CLASS = YES_ERROR;
				CLANG_WARN_QUOTED_INCLUDE_IN_FRAMEWORK_HEADER = YES;
				CLANG_WARN_RANGE_LOOP_ANALYSIS = YES;
				CLANG_WARN_STRICT_PROTOTYPES = YES;
				CLANG_WARN_SUSPICIOUS_MOVE = YES;
				CLANG_WARN_UNGUARDED_AVAILABILITY = YES_AGGRESSIVE;
				CLANG_WARN_UNREACHABLE_CODE = YES;
				CLANG_WARN__DUPLICATE_METHOD_MATCH = YES;
				COPY_PHASE_STRIP = NO;
				DEBUG_INFORMATION_FORMAT = "dwarf-with-dsym";
				ENABLE_NS_ASSERTIONS = NO;
				ENABLE_STRICT_OBJC_MSGSEND = YES;
				GCC_C_LANGUAGE_STANDARD = gnu11;
				GCC_NO_COMMON_BLOCKS = YES;
				GCC_WARN_64_TO_32_BIT_CONVERSION = YES;
				GCC_WARN_ABOUT_RETURN_TYPE = YES_ERROR;
				GCC_WARN_UNDECLARED_SELECTOR = YES;
				GCC_WARN_UNINITIALIZED_AUTOS = YES_AGGRESSIVE;
				GCC_WARN_UNUSED_FUNCTION = YES;
				GCC_WARN_UNUSED_VARIABLE = YES;
				IPHONEOS_DEPLOYMENT_TARGET = 14.1;
				MTL_ENABLE_DEBUG_INFO = NO;
				MTL_FAST_MATH = YES;
				SDKROOT = iphoneos;
				SWIFT_COMPILATION_MODE = wholemodule;
				SWIFT_OPTIMIZATION_LEVEL = "-O";
				VALIDATE_PRODUCT = YES;
			};
			name = Release;
		};
		E0C5FCF225EC920D001D6BE3 /* Debug */ = {
			isa = XCBuildConfiguration;
			baseConfigurationReference = 9765EC255D16EE0B367A630F /* Pods-Parstagram.debug.xcconfig */;
			buildSettings = {
				ASSETCATALOG_COMPILER_APPICON_NAME = AppIcon;
				ASSETCATALOG_COMPILER_GLOBAL_ACCENT_COLOR_NAME = AccentColor;
				CODE_SIGN_STYLE = Automatic;
				INFOPLIST_FILE = Parstagram/Info.plist;
				LD_RUNPATH_SEARCH_PATHS = (
					"$(inherited)",
					"@executable_path/Frameworks",
				);
				PRODUCT_BUNDLE_IDENTIFIER = Codepath.Parstagram;
				PRODUCT_NAME = "$(TARGET_NAME)";
				SWIFT_VERSION = 5.0;
				TARGETED_DEVICE_FAMILY = "1,2";
			};
			name = Debug;
		};
		E0C5FCF325EC920D001D6BE3 /* Release */ = {
			isa = XCBuildConfiguration;
			baseConfigurationReference = 1AC68A0EDE41D8A239432DAB /* Pods-Parstagram.release.xcconfig */;
			buildSettings = {
				ASSETCATALOG_COMPILER_APPICON_NAME = AppIcon;
				ASSETCATALOG_COMPILER_GLOBAL_ACCENT_COLOR_NAME = AccentColor;
				CODE_SIGN_STYLE = Automatic;
				INFOPLIST_FILE = Parstagram/Info.plist;
				LD_RUNPATH_SEARCH_PATHS = (
					"$(inherited)",
					"@executable_path/Frameworks",
				);
				PRODUCT_BUNDLE_IDENTIFIER = Codepath.Parstagram;
				PRODUCT_NAME = "$(TARGET_NAME)";
				SWIFT_VERSION = 5.0;
				TARGETED_DEVICE_FAMILY = "1,2";
			};
			name = Release;
		};
		E0C5FCF525EC920D001D6BE3 /* Debug */ = {
			isa = XCBuildConfiguration;
			baseConfigurationReference = 6E644E27BB7A6960D0FF8571 /* Pods-ParstagramTests.debug.xcconfig */;
			buildSettings = {
				ALWAYS_EMBED_SWIFT_STANDARD_LIBRARIES = YES;
				BUNDLE_LOADER = "$(TEST_HOST)";
				CODE_SIGN_STYLE = Automatic;
				INFOPLIST_FILE = ParstagramTests/Info.plist;
				IPHONEOS_DEPLOYMENT_TARGET = 14.1;
				LD_RUNPATH_SEARCH_PATHS = (
					"$(inherited)",
					"@executable_path/Frameworks",
					"@loader_path/Frameworks",
				);
				PRODUCT_BUNDLE_IDENTIFIER = Codepath.ParstagramTests;
				PRODUCT_NAME = "$(TARGET_NAME)";
				SWIFT_VERSION = 5.0;
				TARGETED_DEVICE_FAMILY = "1,2";
				TEST_HOST = "$(BUILT_PRODUCTS_DIR)/Parstagram.app/Parstagram";
			};
			name = Debug;
		};
		E0C5FCF625EC920D001D6BE3 /* Release */ = {
			isa = XCBuildConfiguration;
			baseConfigurationReference = 68076545C8F81E32FAE9C9D1 /* Pods-ParstagramTests.release.xcconfig */;
			buildSettings = {
				ALWAYS_EMBED_SWIFT_STANDARD_LIBRARIES = YES;
				BUNDLE_LOADER = "$(TEST_HOST)";
				CODE_SIGN_STYLE = Automatic;
				INFOPLIST_FILE = ParstagramTests/Info.plist;
				IPHONEOS_DEPLOYMENT_TARGET = 14.1;
				LD_RUNPATH_SEARCH_PATHS = (
					"$(inherited)",
					"@executable_path/Frameworks",
					"@loader_path/Frameworks",
				);
				PRODUCT_BUNDLE_IDENTIFIER = Codepath.ParstagramTests;
				PRODUCT_NAME = "$(TARGET_NAME)";
				SWIFT_VERSION = 5.0;
				TARGETED_DEVICE_FAMILY = "1,2";
				TEST_HOST = "$(BUILT_PRODUCTS_DIR)/Parstagram.app/Parstagram";
			};
			name = Release;
		};
		E0C5FCF825EC920D001D6BE3 /* Debug */ = {
			isa = XCBuildConfiguration;
			baseConfigurationReference = D8A50C22B959C16026E9D366 /* Pods-Parstagram-ParstagramUITests.debug.xcconfig */;
			buildSettings = {
				ALWAYS_EMBED_SWIFT_STANDARD_LIBRARIES = YES;
				CODE_SIGN_STYLE = Automatic;
				INFOPLIST_FILE = ParstagramUITests/Info.plist;
				LD_RUNPATH_SEARCH_PATHS = (
					"$(inherited)",
					"@executable_path/Frameworks",
					"@loader_path/Frameworks",
				);
				PRODUCT_BUNDLE_IDENTIFIER = Codepath.ParstagramUITests;
				PRODUCT_NAME = "$(TARGET_NAME)";
				SWIFT_VERSION = 5.0;
				TARGETED_DEVICE_FAMILY = "1,2";
				TEST_TARGET_NAME = Parstagram;
			};
			name = Debug;
		};
		E0C5FCF925EC920D001D6BE3 /* Release */ = {
			isa = XCBuildConfiguration;
			baseConfigurationReference = 29C465D7D9BD760FBB063058 /* Pods-Parstagram-ParstagramUITests.release.xcconfig */;
			buildSettings = {
				ALWAYS_EMBED_SWIFT_STANDARD_LIBRARIES = YES;
				CODE_SIGN_STYLE = Automatic;
				INFOPLIST_FILE = ParstagramUITests/Info.plist;
				LD_RUNPATH_SEARCH_PATHS = (
					"$(inherited)",
					"@executable_path/Frameworks",
					"@loader_path/Frameworks",
				);
				PRODUCT_BUNDLE_IDENTIFIER = Codepath.ParstagramUITests;
				PRODUCT_NAME = "$(TARGET_NAME)";
				SWIFT_VERSION = 5.0;
				TARGETED_DEVICE_FAMILY = "1,2";
				TEST_TARGET_NAME = Parstagram;
			};
			name = Release;
		};
/* End XCBuildConfiguration section */

/* Begin XCConfigurationList section */
		E0C5FCC225EC920A001D6BE3 /* Build configuration list for PBXProject "Parstagram" */ = {
			isa = XCConfigurationList;
			buildConfigurations = (
				E0C5FCEF25EC920D001D6BE3 /* Debug */,
				E0C5FCF025EC920D001D6BE3 /* Release */,
			);
			defaultConfigurationIsVisible = 0;
			defaultConfigurationName = Release;
		};
		E0C5FCF125EC920D001D6BE3 /* Build configuration list for PBXNativeTarget "Parstagram" */ = {
			isa = XCConfigurationList;
			buildConfigurations = (
				E0C5FCF225EC920D001D6BE3 /* Debug */,
				E0C5FCF325EC920D001D6BE3 /* Release */,
			);
			defaultConfigurationIsVisible = 0;
			defaultConfigurationName = Release;
		};
		E0C5FCF425EC920D001D6BE3 /* Build configuration list for PBXNativeTarget "ParstagramTests" */ = {
			isa = XCConfigurationList;
			buildConfigurations = (
				E0C5FCF525EC920D001D6BE3 /* Debug */,
				E0C5FCF625EC920D001D6BE3 /* Release */,
			);
			defaultConfigurationIsVisible = 0;
			defaultConfigurationName = Release;
		};
		E0C5FCF725EC920D001D6BE3 /* Build configuration list for PBXNativeTarget "ParstagramUITests" */ = {
			isa = XCConfigurationList;
			buildConfigurations = (
				E0C5FCF825EC920D001D6BE3 /* Debug */,
				E0C5FCF925EC920D001D6BE3 /* Release */,
			);
			defaultConfigurationIsVisible = 0;
			defaultConfigurationName = Release;
		};
/* End XCConfigurationList section */
	};
	rootObject = E0C5FCBF25EC920A001D6BE3 /* Project object */;
}
